
Microsoft Visual Studio Solution File, Format Version 12.00
# Visual Studio Version 17
VisualStudioVersion = 17.12.35527.113 d17.12
MinimumVisualStudioVersion = 10.0.40219.1
Project("{2150E333-8FDC-42A3-9474-1A3956D46DE8}") = "Core", "Core", "{8D167241-2578-4841-88C7-D737AE8A1DCA}"
EndProject
Project("{2150E333-8FDC-42A3-9474-1A3956D46DE8}") = "Infrastructure", "Infrastructure", "{7AE45A70-76A8-44BB-8B8A-1F7F5943DE7B}"
EndProject
Project("{2150E333-8FDC-42A3-9474-1A3956D46DE8}") = "Presentation", "Presentation", "{1DD7539A-F1A8-4114-BA32-FA8BC2EE8FEF}"
EndProject
Project("{FAE04EC0-301F-11D3-BF4B-00C04F79EFBC}") = "Web-Api-Demo.Application", "Core\Web-Api-Demo.Application\Web-Api-Demo.Application.csproj", "{4249A14D-84A3-4505-BECE-6799019352CA}"
EndProject
Project("{FAE04EC0-301F-11D3-BF4B-00C04F79EFBC}") = "Web-Api-Demo.Domain", "Core\Web-Api-Demo.Domain\Web-Api-Demo.Domain.csproj", "{A6B443F1-ED41-401C-A329-E632D5E54260}"
EndProject
Project("{FAE04EC0-301F-11D3-BF4B-00C04F79EFBC}") = "Web-Api-Demo.Infrastructure", "Infrastructure\Web-Api-Demo.Infrastructure\Web-Api-Demo.Infrastructure.csproj", "{F0B5C648-F06F-45B1-BC36-978D75621F1A}"
EndProject
Project("{FAE04EC0-301F-11D3-BF4B-00C04F79EFBC}") = "Web-Api-Demo.Persistence", "Infrastructure\Web-Api-Demo.Persistence\Web-Api-Demo.Persistence.csproj", "{2F7C8285-16B3-4037-8CE5-FBB0399C9F74}"
EndProject
Project("{FAE04EC0-301F-11D3-BF4B-00C04F79EFBC}") = "Web-Api-Demo.Api", "Presentation\Web-Api-Demo.Api\Web-Api-Demo.Api.csproj", "{8DE2DFCD-0358-44D1-A240-3268789CF6A8}"
EndProject
Global
	GlobalSection(SolutionConfigurationPlatforms) = preSolution
		Debug|Any CPU = Debug|Any CPU
		Release|Any CPU = Release|Any CPU
	EndGlobalSection
	GlobalSection(ProjectConfigurationPlatforms) = postSolution
		{4249A14D-84A3-4505-BECE-6799019352CA}.Debug|Any CPU.ActiveCfg = Debug|Any CPU
		{4249A14D-84A3-4505-BECE-6799019352CA}.Debug|Any CPU.Build.0 = Debug|Any CPU
		{4249A14D-84A3-4505-BECE-6799019352CA}.Release|Any CPU.ActiveCfg = Release|Any CPU
		{4249A14D-84A3-4505-BECE-6799019352CA}.Release|Any CPU.Build.0 = Release|Any CPU
		{A6B443F1-ED41-401C-A329-E632D5E54260}.Debug|Any CPU.ActiveCfg = Debug|Any CPU
		{A6B443F1-ED41-401C-A329-E632D5E54260}.Debug|Any CPU.Build.0 = Debug|Any CPU
		{A6B443F1-ED41-401C-A329-E632D5E54260}.Release|Any CPU.ActiveCfg = Release|Any CPU
		{A6B443F1-ED41-401C-A329-E632D5E54260}.Release|Any CPU.Build.0 = Release|Any CPU
		{F0B5C648-F06F-45B1-BC36-978D75621F1A}.Debug|Any CPU.ActiveCfg = Debug|Any CPU
		{F0B5C648-F06F-45B1-BC36-978D75621F1A}.Debug|Any CPU.Build.0 = Debug|Any CPU
		{F0B5C648-F06F-45B1-BC36-978D75621F1A}.Release|Any CPU.ActiveCfg = Release|Any CPU
		{F0B5C648-F06F-45B1-BC36-978D75621F1A}.Release|Any CPU.Build.0 = Release|Any CPU
		{2F7C8285-16B3-4037-8CE5-FBB0399C9F74}.Debug|Any CPU.ActiveCfg = Debug|Any CPU
		{2F7C8285-16B3-4037-8CE5-FBB0399C9F74}.Debug|Any CPU.Build.0 = Debug|Any CPU
		{2F7C8285-16B3-4037-8CE5-FBB0399C9F74}.Release|Any CPU.ActiveCfg = Release|Any CPU
		{2F7C8285-16B3-4037-8CE5-FBB0399C9F74}.Release|Any CPU.Build.0 = Release|Any CPU
		{8DE2DFCD-0358-44D1-A240-3268789CF6A8}.Debug|Any CPU.ActiveCfg = Debug|Any CPU
		{8DE2DFCD-0358-44D1-A240-3268789CF6A8}.Debug|Any CPU.Build.0 = Debug|Any CPU
		{8DE2DFCD-0358-44D1-A240-3268789CF6A8}.Release|Any CPU.ActiveCfg = Release|Any CPU
		{8DE2DFCD-0358-44D1-A240-3268789CF6A8}.Release|Any CPU.Build.0 = Release|Any CPU
	EndGlobalSection
	GlobalSection(SolutionProperties) = preSolution
		HideSolutionNode = FALSE
	EndGlobalSection
	GlobalSection(NestedProjects) = preSolution
		{4249A14D-84A3-4505-BECE-6799019352CA} = {8D167241-2578-4841-88C7-D737AE8A1DCA}
		{A6B443F1-ED41-401C-A329-E632D5E54260} = {8D167241-2578-4841-88C7-D737AE8A1DCA}
		{F0B5C648-F06F-45B1-BC36-978D75621F1A} = {7AE45A70-76A8-44BB-8B8A-1F7F5943DE7B}
		{2F7C8285-16B3-4037-8CE5-FBB0399C9F74} = {7AE45A70-76A8-44BB-8B8A-1F7F5943DE7B}
		{8DE2DFCD-0358-44D1-A240-3268789CF6A8} = {1DD7539A-F1A8-4114-BA32-FA8BC2EE8FEF}
	EndGlobalSection
EndGlobal
